{
  "name": "js-app",
  "version": "0.0.1",
  "lockfileVersion": 1,
  "requires": true,
  "dependencies": {
    "kotlin": {
      "version": "1.3.61",
      "resolved": "https://registry.npmjs.org/kotlin/-/kotlin-1.3.61.tgz",
      "integrity": "sha512-r4Z8CbbLsHqY/MZcr9ei28gpf4BIu1S6RaQ71RDBHhd0n7ewm3Ai+YWG0g4BsfciuWdl0lyy86ZVbt4etoGZ2g=="
    }
  }
}
